
Microsoft Visual Studio Solution File, Format Version 12.00
# Visual Studio Version 17
VisualStudioVersion = 17.8.34408.163
MinimumVisualStudioVersion = 10.0.40219.1
Project("{FAE04EC0-301F-11D3-BF4B-00C04F79EFBC}") = "CRUD01", "CRUD01\CRUD01.csproj", "{EBCB833C-1D17-41D9-8393-D144DA5C3220}"
EndProject
Global
	GlobalSection(SolutionConfigurationPlatforms) = preSolution
		Debug|Any CPU = Debug|Any CPU
		Release|Any CPU = Release|Any CPU
	EndGlobalSection
	GlobalSection(ProjectConfigurationPlatforms) = postSolution
		{EBCB833C-1D17-41D9-8393-D144DA5C3220}.Debug|Any CPU.ActiveCfg = Debug|Any CPU
		{EBCB833C-1D17-41D9-8393-D144DA5C3220}.Debug|Any CPU.Build.0 = Debug|Any CPU
		{EBCB833C-1D17-41D9-8393-D144DA5C3220}.Release|Any CPU.ActiveCfg = Release|Any CPU
		{EBCB833C-1D17-41D9-8393-D144DA5C3220}.Release|Any CPU.Build.0 = Release|Any CPU
	EndGlobalSection
	GlobalSection(SolutionProperties) = preSolution
		HideSolutionNode = FALSE
	EndGlobalSection
	GlobalSection(ExtensibilityGlobals) = postSolution
		SolutionGuid = {F067A40B-6588-4B02-8971-AF9632376A9E}
	EndGlobalSection
EndGlobal
